
Microsoft Visual Studio Solution File, Format Version 12.00
# Visual Studio Version 17
VisualStudioVersion = 17.3.32901.215
MinimumVisualStudioVersion = 10.0.40219.1
Project("{FAE04EC0-301F-11D3-BF4B-00C04F79EFBC}") = "Interface_q3", "Interface_q3\Interface_q3.csproj", "{1334F71D-F3B0-499C-B854-2A4D89FE5F23}"
EndProject
Global
	GlobalSection(SolutionConfigurationPlatforms) = preSolution
		Debug|Any CPU = Debug|Any CPU
		Release|Any CPU = Release|Any CPU
	EndGlobalSection
	GlobalSection(ProjectConfigurationPlatforms) = postSolution
		{1334F71D-F3B0-499C-B854-2A4D89FE5F23}.Debug|Any CPU.ActiveCfg = Debug|Any CPU
		{1334F71D-F3B0-499C-B854-2A4D89FE5F23}.Debug|Any CPU.Build.0 = Debug|Any CPU
		{1334F71D-F3B0-499C-B854-2A4D89FE5F23}.Release|Any CPU.ActiveCfg = Release|Any CPU
		{1334F71D-F3B0-499C-B854-2A4D89FE5F23}.Release|Any CPU.Build.0 = Release|Any CPU
	EndGlobalSection
	GlobalSection(SolutionProperties) = preSolution
		HideSolutionNode = FALSE
	EndGlobalSection
	GlobalSection(ExtensibilityGlobals) = postSolution
		SolutionGuid = {65ED6D0D-BE25-42CA-B074-FB899B1C886E}
	EndGlobalSection
EndGlobal
