
Microsoft Visual Studio Solution File, Format Version 12.00
# Visual Studio Version 17
VisualStudioVersion = 17.3.32901.215
MinimumVisualStudioVersion = 10.0.40219.1
Project("{FAE04EC0-301F-11D3-BF4B-00C04F79EFBC}") = "opps_qu2", "opps_qu2\opps_qu2.csproj", "{ED4202E9-E263-41F1-A64D-8C47F1701453}"
EndProject
Global
	GlobalSection(SolutionConfigurationPlatforms) = preSolution
		Debug|Any CPU = Debug|Any CPU
		Release|Any CPU = Release|Any CPU
	EndGlobalSection
	GlobalSection(ProjectConfigurationPlatforms) = postSolution
		{ED4202E9-E263-41F1-A64D-8C47F1701453}.Debug|Any CPU.ActiveCfg = Debug|Any CPU
		{ED4202E9-E263-41F1-A64D-8C47F1701453}.Debug|Any CPU.Build.0 = Debug|Any CPU
		{ED4202E9-E263-41F1-A64D-8C47F1701453}.Release|Any CPU.ActiveCfg = Release|Any CPU
		{ED4202E9-E263-41F1-A64D-8C47F1701453}.Release|Any CPU.Build.0 = Release|Any CPU
	EndGlobalSection
	GlobalSection(SolutionProperties) = preSolution
		HideSolutionNode = FALSE
	EndGlobalSection
	GlobalSection(ExtensibilityGlobals) = postSolution
		SolutionGuid = {10A187E6-B034-4273-A476-D7B3BD009EA3}
	EndGlobalSection
EndGlobal
